
Microsoft Visual Studio Solution File, Format Version 12.00
# Visual Studio Version 17
VisualStudioVersion = 17.9.34728.123
MinimumVisualStudioVersion = 10.0.40219.1
Project("{FAE04EC0-301F-11D3-BF4B-00C04F79EFBC}") = "Garage3", "Garage3\Garage3.csproj", "{FED39D08-63D6-4C56-B9EC-28247B596EFF}"
EndProject
Global
	GlobalSection(SolutionConfigurationPlatforms) = preSolution
		Debug|Any CPU = Debug|Any CPU
		Release|Any CPU = Release|Any CPU
	EndGlobalSection
	GlobalSection(ProjectConfigurationPlatforms) = postSolution
		{FED39D08-63D6-4C56-B9EC-28247B596EFF}.Debug|Any CPU.ActiveCfg = Debug|Any CPU
		{FED39D08-63D6-4C56-B9EC-28247B596EFF}.Debug|Any CPU.Build.0 = Debug|Any CPU
		{FED39D08-63D6-4C56-B9EC-28247B596EFF}.Release|Any CPU.ActiveCfg = Release|Any CPU
		{FED39D08-63D6-4C56-B9EC-28247B596EFF}.Release|Any CPU.Build.0 = Release|Any CPU
	EndGlobalSection
	GlobalSection(SolutionProperties) = preSolution
		HideSolutionNode = FALSE
	EndGlobalSection
	GlobalSection(ExtensibilityGlobals) = postSolution
		SolutionGuid = {DC726A1C-CC56-401D-AB17-2A6FF4ABE4AA}
	EndGlobalSection
EndGlobal
